<?xml version="1.0" encoding="utf-8"?>
<Project ToolsVersion="4.0" xmlns="http://schemas.microsoft.com/developer/msbuild/2003">
  <ItemGroup>
    <Filter Include="CCC">
      <UniqueIdentifier>{CED8870B-3AE2-877C-C35D-9E7C2F66937C}</UniqueIdentifier>
    </Filter>
    <Filter Include="CCC\Events">
      <UniqueIdentifier>{F2D0B361-DE88-F5AE-4790-CE0A3367909F}</UniqueIdentifier>
    </Filter>
  </ItemGroup>
  <ItemGroup>
    <ClInclude Include="src\CCC.h" />
    <ClInclude Include="src\CCC\Application.h">
      <Filter>CCC</Filter>
    </ClInclude>
    <ClInclude Include="src\CCC\Core.h">
      <Filter>CCC</Filter>
    </ClInclude>
    <ClInclude Include="src\CCC\EntryPoint.h">
      <Filter>CCC</Filter>
    </ClInclude>
    <ClInclude Include="src\CCC\Events\ApplicationEvent.h">
      <Filter>CCC\Events</Filter>
    </ClInclude>
    <ClInclude Include="src\CCC\Events\Event.h">
      <Filter>CCC\Events</Filter>
    </ClInclude>
    <ClInclude Include="src\CCC\Events\KeyEvent.h">
      <Filter>CCC\Events</Filter>
    </ClInclude>
    <ClInclude Include="src\CCC\Events\MouseEvent.h">
      <Filter>CCC\Events</Filter>
    </ClInclude>
    <ClInclude Include="src\CCC\Log.h">
      <Filter>CCC</Filter>
    </ClInclude>
  </ItemGroup>
  <ItemGroup>
    <ClCompile Include="src\CCC\Application.cpp">
      <Filter>CCC</Filter>
    </ClCompile>
    <ClCompile Include="src\CCC\Log.cpp">
      <Filter>CCC</Filter>
    </ClCompile>
  </ItemGroup>
</Project>